
Microsoft Visual Studio Solution File, Format Version 12.00
# Visual Studio 15
VisualStudioVersion = 15.0.27004.2006
MinimumVisualStudioVersion = 10.0.40219.1
Project("{FAE04EC0-301F-11D3-BF4B-00C04F79EFBC}") = "Spanning Tree Simulation", "WindowsFormsApp1\Spanning Tree Simulation.csproj", "{07E18161-21E5-488C-94F8-6F94753EFCDB}"
EndProject
Global
	GlobalSection(SolutionConfigurationPlatforms) = preSolution
		Debug|Any CPU = Debug|Any CPU
		Release|Any CPU = Release|Any CPU
	EndGlobalSection
	GlobalSection(ProjectConfigurationPlatforms) = postSolution
		{07E18161-21E5-488C-94F8-6F94753EFCDB}.Debug|Any CPU.ActiveCfg = Debug|Any CPU
		{07E18161-21E5-488C-94F8-6F94753EFCDB}.Debug|Any CPU.Build.0 = Debug|Any CPU
		{07E18161-21E5-488C-94F8-6F94753EFCDB}.Release|Any CPU.ActiveCfg = Release|Any CPU
		{07E18161-21E5-488C-94F8-6F94753EFCDB}.Release|Any CPU.Build.0 = Release|Any CPU
	EndGlobalSection
	GlobalSection(SolutionProperties) = preSolution
		HideSolutionNode = FALSE
	EndGlobalSection
	GlobalSection(ExtensibilityGlobals) = postSolution
		SolutionGuid = {579A028C-4A71-4439-9FF4-15BD2962D32A}
	EndGlobalSection
EndGlobal
